{
  "version": 1,
  "dependencies": {
    "net6.0": {
      "DotNet.ReproducibleBuilds": {
        "type": "Direct",
        "requested": "[1.0.1, )",
        "resolved": "1.0.1",
        "contentHash": "C1o7Ry/ek/PLaav3RvTSE2rOmlaVpV9UUPKzXKcL2foWOxTf/3VzWWPnckM6VqHHJxNdmoLVGS2l1HNb+NpT+g==",
        "dependencies": {
          "Microsoft.SourceLink.AzureRepos.Git": "1.1.0",
          "Microsoft.SourceLink.Bitbucket.Git": "1.1.0",
          "Microsoft.SourceLink.GitHub": "1.1.0",
          "Microsoft.SourceLink.GitLab": "1.1.0"
        }
      },
      "Microsoft.Build.Tasks.Git": {
        "type": "Transitive",
        "resolved": "1.1.0",
        "contentHash": "DD84CsvKf+hfDBbYXIvBXeY7JGfbtoIMMjlPGVaKIp6aWoIdL5EJbWvk+skGkM7/Weezj3q1a89nTPAcGlGcpw=="
      },
      "Microsoft.SourceLink.AzureRepos.Git": {
        "type": "Transitive",
        "resolved": "1.1.0",
        "contentHash": "UTQCqGBuwpY/djwipQ1TZgErv6NrlwK55XonQXVvD5KAAO+X60idwVCK0NEr0tCTp0d/pHeWdADn0KJKlOBtfw==",
        "dependencies": {
          "Microsoft.Build.Tasks.Git": "1.1.0",
          "Microsoft.SourceLink.Common": "1.1.0"
        }
      },
      "Microsoft.SourceLink.Bitbucket.Git": {
        "type": "Transitive",
        "resolved": "1.1.0",
        "contentHash": "1QAHG3V+Yuk2WbfbNCadLtMa3bht3s3/48byZ6L5FBPzSpTeTpToT0NW8kzr3GdAeMdYpEx2YI+LFX/jNc9xhQ==",
        "dependencies": {
          "Microsoft.Build.Tasks.Git": "1.1.0",
          "Microsoft.SourceLink.Common": "1.1.0"
        }
      },
      "Microsoft.SourceLink.Common": {
        "type": "Transitive",
        "resolved": "1.1.0",
        "contentHash": "TyGnSaCanfxunClp2af9jpXY127q7g5tiOv0XN/JGcalyKwYusYp06BUGSmCopg/GhmJJSiR/9PS0suXHCGxtw=="
      },
      "Microsoft.SourceLink.GitHub": {
        "type": "Transitive",
        "resolved": "1.1.0",
        "contentHash": "DD/LF81k5ODHCfPnBCds97N6KKSS1X1NiDcJYUUpiTu5mmuPktZplhYFrAPQPktMBKvNMdwFrwJ7Fqa3tyTIuA==",
        "dependencies": {
          "Microsoft.Build.Tasks.Git": "1.1.0",
          "Microsoft.SourceLink.Common": "1.1.0"
        }
      },
      "Microsoft.SourceLink.GitLab": {
        "type": "Transitive",
        "resolved": "1.1.0",
        "contentHash": "3hGWOYCm1mtQubQMacpf7ERr5J5GzA7K2nacZe5oFOFkPKWpBbrqsBZfRlNoyWYR5FHEWisFrmkgLACAlX3K8w==",
        "dependencies": {
          "Microsoft.Build.Tasks.Git": "1.1.0",
          "Microsoft.SourceLink.Common": "1.1.0"
        }
      }
    }
  }
}