{
  "version": 1,
  "dependencies": {
    "net8.0": {
      "DotNet.ReproducibleBuilds": {
        "type": "Direct",
        "requested": "[1.0.1, )",
        "resolved": "1.0.1",
        "contentHash": "C1o7Ry/ek/PLaav3RvTSE2rOmlaVpV9UUPKzXKcL2foWOxTf/3VzWWPnckM6VqHHJxNdmoLVGS2l1HNb+NpT+g==",
        "dependencies": {
          "Microsoft.SourceLink.AzureRepos.Git": "1.1.0",
          "Microsoft.SourceLink.Bitbucket.Git": "1.1.0",
          "Microsoft.SourceLink.GitHub": "1.1.0",
          "Microsoft.SourceLink.GitLab": "1.1.0"
        }
      },
      "Tlabs.Core": {
        "type": "Direct",
        "requested": "[2.2.0, )",
        "resolved": "2.2.0",
        "contentHash": "ffBC+NyMESfzPSJHA8R6UBlkXYeJrqRFvzMvbF+Pl5XGpNNiAQ3qtIQxKTdlkMuIo6NsaScBmQ5uKWFnO/3ETQ==",
        "dependencies": {
          "Microsoft.Extensions.Configuration": "8.0.0",
          "Microsoft.Extensions.DependencyInjection": "8.0.0",
          "Microsoft.Extensions.Hosting": "8.0.0",
          "Microsoft.Extensions.Logging": "8.0.0",
          "Serilog.Extensions.Logging.File": "2.0.0",
          "System.Linq.Dynamic.Core": "1.3.8"
        }
      },
      "Microsoft.Build.Tasks.Git": {
        "type": "Transitive",
        "resolved": "1.1.0",
        "contentHash": "DD84CsvKf+hfDBbYXIvBXeY7JGfbtoIMMjlPGVaKIp6aWoIdL5EJbWvk+skGkM7/Weezj3q1a89nTPAcGlGcpw=="
      },
      "Microsoft.CSharp": {
        "type": "Transitive",
        "resolved": "4.0.1",
        "contentHash": "17h8b5mXa87XYKrrVqdgZ38JefSUqLChUQpXgSnpzsM0nDOhE40FTeNWOJ/YmySGV6tG6T8+hjz6vxbknHJr6A==",
        "dependencies": {
          "System.Collections": "4.0.11",
          "System.Diagnostics.Debug": "4.0.11",
          "System.Dynamic.Runtime": "4.0.11",
          "System.Globalization": "4.0.11",
          "System.Linq": "4.1.0",
          "System.Linq.Expressions": "4.1.0",
          "System.ObjectModel": "4.0.12",
          "System.Reflection": "4.1.0",
          "System.Reflection.Extensions": "4.0.1",
          "System.Reflection.Primitives": "4.0.1",
          "System.Reflection.TypeExtensions": "4.1.0",
          "System.Resources.ResourceManager": "4.0.1",
          "System.Runtime": "4.1.0",
          "System.Runtime.Extensions": "4.1.0",
          "System.Runtime.InteropServices": "4.1.0",
          "System.Threading": "4.0.11"
        }
      },
      "Microsoft.Extensions.Configuration": {
        "type": "Transitive",
        "resolved": "8.0.0",
        "contentHash": "0J/9YNXTMWSZP2p2+nvl8p71zpSwokZXZuJW+VjdErkegAnFdO1XlqtA62SJtgVYHdKu3uPxJHcMR/r35HwFBA==",
        "dependencies": {
          "Microsoft.Extensions.Configuration.Abstractions": "8.0.0",
          "Microsoft.Extensions.Primitives": "8.0.0"
        }
      },
      "Microsoft.Extensions.Configuration.Abstractions": {
        "type": "Transitive",
        "resolved": "8.0.0",
        "contentHash": "3lE/iLSutpgX1CC0NOW70FJoGARRHbyKmG7dc0klnUZ9Dd9hS6N/POPWhKhMLCEuNN5nXEY5agmlFtH562vqhQ==",
        "dependencies": {
          "Microsoft.Extensions.Primitives": "8.0.0"
        }
      },
      "Microsoft.Extensions.Configuration.Binder": {
        "type": "Transitive",
        "resolved": "8.0.0",
        "contentHash": "mBMoXLsr5s1y2zOHWmKsE9veDcx8h1x/c3rz4baEdQKTeDcmQAPNbB54Pi/lhFO3K431eEq6PFbMgLaa6PHFfA==",
        "dependencies": {
          "Microsoft.Extensions.Configuration.Abstractions": "8.0.0"
        }
      },
      "Microsoft.Extensions.Configuration.CommandLine": {
        "type": "Transitive",
        "resolved": "8.0.0",
        "contentHash": "NZuZMz3Q8Z780nKX3ifV1fE7lS+6pynDHK71OfU4OZ1ItgvDOhyOC7E6z+JMZrAj63zRpwbdldYFk499t3+1dQ==",
        "dependencies": {
          "Microsoft.Extensions.Configuration": "8.0.0",
          "Microsoft.Extensions.Configuration.Abstractions": "8.0.0"
        }
      },
      "Microsoft.Extensions.Configuration.EnvironmentVariables": {
        "type": "Transitive",
        "resolved": "8.0.0",
        "contentHash": "plvZ0ZIpq+97gdPNNvhwvrEZ92kNml9hd1pe3idMA7svR0PztdzVLkoWLcRFgySYXUJc3kSM3Xw3mNFMo/bxRA==",
        "dependencies": {
          "Microsoft.Extensions.Configuration": "8.0.0",
          "Microsoft.Extensions.Configuration.Abstractions": "8.0.0"
        }
      },
      "Microsoft.Extensions.Configuration.FileExtensions": {
        "type": "Transitive",
        "resolved": "8.0.0",
        "contentHash": "McP+Lz/EKwvtCv48z0YImw+L1gi1gy5rHhNaNIY2CrjloV+XY8gydT8DjMR6zWeL13AFK+DioVpppwAuO1Gi1w==",
        "dependencies": {
          "Microsoft.Extensions.Configuration": "8.0.0",
          "Microsoft.Extensions.Configuration.Abstractions": "8.0.0",
          "Microsoft.Extensions.FileProviders.Abstractions": "8.0.0",
          "Microsoft.Extensions.FileProviders.Physical": "8.0.0",
          "Microsoft.Extensions.Primitives": "8.0.0"
        }
      },
      "Microsoft.Extensions.Configuration.Json": {
        "type": "Transitive",
        "resolved": "8.0.0",
        "contentHash": "C2wqUoh9OmRL1akaCcKSTmRU8z0kckfImG7zLNI8uyi47Lp+zd5LWAD17waPQEqCz3ioWOCrFUo+JJuoeZLOBw==",
        "dependencies": {
          "Microsoft.Extensions.Configuration": "8.0.0",
          "Microsoft.Extensions.Configuration.Abstractions": "8.0.0",
          "Microsoft.Extensions.Configuration.FileExtensions": "8.0.0",
          "Microsoft.Extensions.FileProviders.Abstractions": "8.0.0",
          "System.Text.Json": "8.0.0"
        }
      },
      "Microsoft.Extensions.Configuration.UserSecrets": {
        "type": "Transitive",
        "resolved": "8.0.0",
        "contentHash": "ihDHu2dJYQird9pl2CbdwuNDfvCZdOS0S7SPlNfhPt0B81UTT+yyZKz2pimFZGUp3AfuBRnqUCxB2SjsZKHVUw==",
        "dependencies": {
          "Microsoft.Extensions.Configuration.Abstractions": "8.0.0",
          "Microsoft.Extensions.Configuration.Json": "8.0.0",
          "Microsoft.Extensions.FileProviders.Abstractions": "8.0.0",
          "Microsoft.Extensions.FileProviders.Physical": "8.0.0"
        }
      },
      "Microsoft.Extensions.DependencyInjection": {
        "type": "Transitive",
        "resolved": "8.0.0",
        "contentHash": "V8S3bsm50ig6JSyrbcJJ8bW2b9QLGouz+G1miK3UTaOWmMtFwNNNzUf4AleyDWUmTrWMLNnFSLEQtxmxgNQnNQ==",
        "dependencies": {
          "Microsoft.Extensions.DependencyInjection.Abstractions": "8.0.0"
        }
      },
      "Microsoft.Extensions.DependencyInjection.Abstractions": {
        "type": "Transitive",
        "resolved": "8.0.0",
        "contentHash": "cjWrLkJXK0rs4zofsK4bSdg+jhDLTaxrkXu4gS6Y7MAlCvRyNNgwY/lJi5RDlQOnSZweHqoyvgvbdvQsRIW+hg=="
      },
      "Microsoft.Extensions.Diagnostics": {
        "type": "Transitive",
        "resolved": "8.0.0",
        "contentHash": "3PZp/YSkIXrF7QK7PfC1bkyRYwqOHpWFad8Qx+4wkuumAeXo1NHaxpS9LboNA9OvNSAu+QOVlXbMyoY+pHSqcw==",
        "dependencies": {
          "Microsoft.Extensions.Configuration": "8.0.0",
          "Microsoft.Extensions.Diagnostics.Abstractions": "8.0.0",
          "Microsoft.Extensions.Options.ConfigurationExtensions": "8.0.0"
        }
      },
      "Microsoft.Extensions.Diagnostics.Abstractions": {
        "type": "Transitive",
        "resolved": "8.0.0",
        "contentHash": "JHYCQG7HmugNYUhOl368g+NMxYE/N/AiclCYRNlgCY9eVyiBkOHMwK4x60RYMxv9EL3+rmj1mqHvdCiPpC+D4Q==",
        "dependencies": {
          "Microsoft.Extensions.DependencyInjection.Abstractions": "8.0.0",
          "Microsoft.Extensions.Options": "8.0.0",
          "System.Diagnostics.DiagnosticSource": "8.0.0"
        }
      },
      "Microsoft.Extensions.FileProviders.Abstractions": {
        "type": "Transitive",
        "resolved": "8.0.0",
        "contentHash": "ZbaMlhJlpisjuWbvXr4LdAst/1XxH3vZ6A0BsgTphZ2L4PGuxRLz7Jr/S7mkAAnOn78Vu0fKhEgNF5JO3zfjqQ==",
        "dependencies": {
          "Microsoft.Extensions.Primitives": "8.0.0"
        }
      },
      "Microsoft.Extensions.FileProviders.Physical": {
        "type": "Transitive",
        "resolved": "8.0.0",
        "contentHash": "UboiXxpPUpwulHvIAVE36Knq0VSHaAmfrFkegLyBZeaADuKezJ/AIXYAW8F5GBlGk/VaibN2k/Zn1ca8YAfVdA==",
        "dependencies": {
          "Microsoft.Extensions.FileProviders.Abstractions": "8.0.0",
          "Microsoft.Extensions.FileSystemGlobbing": "8.0.0",
          "Microsoft.Extensions.Primitives": "8.0.0"
        }
      },
      "Microsoft.Extensions.FileSystemGlobbing": {
        "type": "Transitive",
        "resolved": "8.0.0",
        "contentHash": "OK+670i7esqlQrPjdIKRbsyMCe9g5kSLpRRQGSr4Q58AOYEe/hCnfLZprh7viNisSUUQZmMrbbuDaIrP+V1ebQ=="
      },
      "Microsoft.Extensions.Hosting": {
        "type": "Transitive",
        "resolved": "8.0.0",
        "contentHash": "ItYHpdqVp5/oFLT5QqbopnkKlyFG9EW/9nhM6/yfObeKt6Su0wkBio6AizgRHGNwhJuAtlE5VIjow5JOTrip6w==",
        "dependencies": {
          "Microsoft.Extensions.Configuration": "8.0.0",
          "Microsoft.Extensions.Configuration.Abstractions": "8.0.0",
          "Microsoft.Extensions.Configuration.Binder": "8.0.0",
          "Microsoft.Extensions.Configuration.CommandLine": "8.0.0",
          "Microsoft.Extensions.Configuration.EnvironmentVariables": "8.0.0",
          "Microsoft.Extensions.Configuration.FileExtensions": "8.0.0",
          "Microsoft.Extensions.Configuration.Json": "8.0.0",
          "Microsoft.Extensions.Configuration.UserSecrets": "8.0.0",
          "Microsoft.Extensions.DependencyInjection": "8.0.0",
          "Microsoft.Extensions.DependencyInjection.Abstractions": "8.0.0",
          "Microsoft.Extensions.Diagnostics": "8.0.0",
          "Microsoft.Extensions.FileProviders.Abstractions": "8.0.0",
          "Microsoft.Extensions.FileProviders.Physical": "8.0.0",
          "Microsoft.Extensions.Hosting.Abstractions": "8.0.0",
          "Microsoft.Extensions.Logging": "8.0.0",
          "Microsoft.Extensions.Logging.Abstractions": "8.0.0",
          "Microsoft.Extensions.Logging.Configuration": "8.0.0",
          "Microsoft.Extensions.Logging.Console": "8.0.0",
          "Microsoft.Extensions.Logging.Debug": "8.0.0",
          "Microsoft.Extensions.Logging.EventLog": "8.0.0",
          "Microsoft.Extensions.Logging.EventSource": "8.0.0",
          "Microsoft.Extensions.Options": "8.0.0"
        }
      },
      "Microsoft.Extensions.Hosting.Abstractions": {
        "type": "Transitive",
        "resolved": "8.0.0",
        "contentHash": "AG7HWwVRdCHlaA++1oKDxLsXIBxmDpMPb3VoyOoAghEWnkUvEAdYQUwnV4jJbAaa/nMYNiEh5ByoLauZBEiovg==",
        "dependencies": {
          "Microsoft.Extensions.Configuration.Abstractions": "8.0.0",
          "Microsoft.Extensions.DependencyInjection.Abstractions": "8.0.0",
          "Microsoft.Extensions.Diagnostics.Abstractions": "8.0.0",
          "Microsoft.Extensions.FileProviders.Abstractions": "8.0.0",
          "Microsoft.Extensions.Logging.Abstractions": "8.0.0"
        }
      },
      "Microsoft.Extensions.Logging": {
        "type": "Transitive",
        "resolved": "8.0.0",
        "contentHash": "tvRkov9tAJ3xP51LCv3FJ2zINmv1P8Hi8lhhtcKGqM+ImiTCC84uOPEI4z8Cdq2C3o9e+Aa0Gw0rmrsJD77W+w==",
        "dependencies": {
          "Microsoft.Extensions.DependencyInjection": "8.0.0",
          "Microsoft.Extensions.Logging.Abstractions": "8.0.0",
          "Microsoft.Extensions.Options": "8.0.0"
        }
      },
      "Microsoft.Extensions.Logging.Abstractions": {
        "type": "Transitive",
        "resolved": "8.0.0",
        "contentHash": "arDBqTgFCyS0EvRV7O3MZturChstm50OJ0y9bDJvAcmEPJm0FFpFyjU/JLYyStNGGey081DvnQYlncNX5SJJGA==",
        "dependencies": {
          "Microsoft.Extensions.DependencyInjection.Abstractions": "8.0.0"
        }
      },
      "Microsoft.Extensions.Logging.Configuration": {
        "type": "Transitive",
        "resolved": "8.0.0",
        "contentHash": "ixXXV0G/12g6MXK65TLngYN9V5hQQRuV+fZi882WIoVJT7h5JvoYoxTEwCgdqwLjSneqh1O+66gM8sMr9z/rsQ==",
        "dependencies": {
          "Microsoft.Extensions.Configuration": "8.0.0",
          "Microsoft.Extensions.Configuration.Abstractions": "8.0.0",
          "Microsoft.Extensions.Configuration.Binder": "8.0.0",
          "Microsoft.Extensions.DependencyInjection.Abstractions": "8.0.0",
          "Microsoft.Extensions.Logging": "8.0.0",
          "Microsoft.Extensions.Logging.Abstractions": "8.0.0",
          "Microsoft.Extensions.Options": "8.0.0",
          "Microsoft.Extensions.Options.ConfigurationExtensions": "8.0.0"
        }
      },
      "Microsoft.Extensions.Logging.Console": {
        "type": "Transitive",
        "resolved": "8.0.0",
        "contentHash": "e+48o7DztoYog+PY430lPxrM4mm3PbA6qucvQtUDDwVo4MO+ejMw7YGc/o2rnxbxj4isPxdfKFzTxvXMwAz83A==",
        "dependencies": {
          "Microsoft.Extensions.DependencyInjection.Abstractions": "8.0.0",
          "Microsoft.Extensions.Logging": "8.0.0",
          "Microsoft.Extensions.Logging.Abstractions": "8.0.0",
          "Microsoft.Extensions.Logging.Configuration": "8.0.0",
          "Microsoft.Extensions.Options": "8.0.0",
          "System.Text.Json": "8.0.0"
        }
      },
      "Microsoft.Extensions.Logging.Debug": {
        "type": "Transitive",
        "resolved": "8.0.0",
        "contentHash": "dt0x21qBdudHLW/bjMJpkixv858RRr8eSomgVbU8qljOyfrfDGi1JQvpF9w8S7ziRPtRKisuWaOwFxJM82GxeA==",
        "dependencies": {
          "Microsoft.Extensions.DependencyInjection.Abstractions": "8.0.0",
          "Microsoft.Extensions.Logging": "8.0.0",
          "Microsoft.Extensions.Logging.Abstractions": "8.0.0"
        }
      },
      "Microsoft.Extensions.Logging.EventLog": {
        "type": "Transitive",
        "resolved": "8.0.0",
        "contentHash": "3X9D3sl7EmOu7vQp5MJrmIJBl5XSdOhZPYXUeFfYa6Nnm9+tok8x3t3IVPLhm7UJtPOU61ohFchw8rNm9tIYOQ==",
        "dependencies": {
          "Microsoft.Extensions.DependencyInjection.Abstractions": "8.0.0",
          "Microsoft.Extensions.Logging": "8.0.0",
          "Microsoft.Extensions.Logging.Abstractions": "8.0.0",
          "Microsoft.Extensions.Options": "8.0.0",
          "System.Diagnostics.EventLog": "8.0.0"
        }
      },
      "Microsoft.Extensions.Logging.EventSource": {
        "type": "Transitive",
        "resolved": "8.0.0",
        "contentHash": "oKcPMrw+luz2DUAKhwFXrmFikZWnyc8l2RKoQwqU3KIZZjcfoJE0zRHAnqATfhRZhtcbjl/QkiY2Xjxp0xu+6w==",
        "dependencies": {
          "Microsoft.Extensions.DependencyInjection.Abstractions": "8.0.0",
          "Microsoft.Extensions.Logging": "8.0.0",
          "Microsoft.Extensions.Logging.Abstractions": "8.0.0",
          "Microsoft.Extensions.Options": "8.0.0",
          "Microsoft.Extensions.Primitives": "8.0.0",
          "System.Text.Json": "8.0.0"
        }
      },
      "Microsoft.Extensions.Options": {
        "type": "Transitive",
        "resolved": "8.0.0",
        "contentHash": "JOVOfqpnqlVLUzINQ2fox8evY2SKLYJ3BV8QDe/Jyp21u1T7r45x/R/5QdteURMR5r01GxeJSBBUOCOyaNXA3g==",
        "dependencies": {
          "Microsoft.Extensions.DependencyInjection.Abstractions": "8.0.0",
          "Microsoft.Extensions.Primitives": "8.0.0"
        }
      },
      "Microsoft.Extensions.Options.ConfigurationExtensions": {
        "type": "Transitive",
        "resolved": "8.0.0",
        "contentHash": "0f4DMRqEd50zQh+UyJc+/HiBsZ3vhAQALgdkcQEalSH1L2isdC7Yj54M3cyo5e+BeO5fcBQ7Dxly8XiBBcvRgw==",
        "dependencies": {
          "Microsoft.Extensions.Configuration.Abstractions": "8.0.0",
          "Microsoft.Extensions.Configuration.Binder": "8.0.0",
          "Microsoft.Extensions.DependencyInjection.Abstractions": "8.0.0",
          "Microsoft.Extensions.Options": "8.0.0",
          "Microsoft.Extensions.Primitives": "8.0.0"
        }
      },
      "Microsoft.Extensions.Primitives": {
        "type": "Transitive",
        "resolved": "8.0.0",
        "contentHash": "bXJEZrW9ny8vjMF1JV253WeLhpEVzFo1lyaZu1vQ4ZxWUlVvknZ/+ftFgVheLubb4eZPSwwxBeqS1JkCOjxd8g=="
      },
      "Microsoft.NETCore.Platforms": {
        "type": "Transitive",
        "resolved": "1.0.1",
        "contentHash": "2G6OjjJzwBfNOO8myRV/nFrbTw5iA+DEm0N+qUqhrOmaVtn4pC77h38I1jsXGw5VH55+dPfQsqHD0We9sCl9FQ=="
      },
      "Microsoft.NETCore.Targets": {
        "type": "Transitive",
        "resolved": "1.0.1",
        "contentHash": "rkn+fKobF/cbWfnnfBOQHKVKIOpxMZBvlSHkqDWgBpwGDcLRduvs3D9OLGeV6GWGvVwNlVi2CBbTjuPmtHvyNw=="
      },
      "Microsoft.SourceLink.AzureRepos.Git": {
        "type": "Transitive",
        "resolved": "1.1.0",
        "contentHash": "UTQCqGBuwpY/djwipQ1TZgErv6NrlwK55XonQXVvD5KAAO+X60idwVCK0NEr0tCTp0d/pHeWdADn0KJKlOBtfw==",
        "dependencies": {
          "Microsoft.Build.Tasks.Git": "1.1.0",
          "Microsoft.SourceLink.Common": "1.1.0"
        }
      },
      "Microsoft.SourceLink.Bitbucket.Git": {
        "type": "Transitive",
        "resolved": "1.1.0",
        "contentHash": "1QAHG3V+Yuk2WbfbNCadLtMa3bht3s3/48byZ6L5FBPzSpTeTpToT0NW8kzr3GdAeMdYpEx2YI+LFX/jNc9xhQ==",
        "dependencies": {
          "Microsoft.Build.Tasks.Git": "1.1.0",
          "Microsoft.SourceLink.Common": "1.1.0"
        }
      },
      "Microsoft.SourceLink.Common": {
        "type": "Transitive",
        "resolved": "1.1.0",
        "contentHash": "TyGnSaCanfxunClp2af9jpXY127q7g5tiOv0XN/JGcalyKwYusYp06BUGSmCopg/GhmJJSiR/9PS0suXHCGxtw=="
      },
      "Microsoft.SourceLink.GitHub": {
        "type": "Transitive",
        "resolved": "1.1.0",
        "contentHash": "DD/LF81k5ODHCfPnBCds97N6KKSS1X1NiDcJYUUpiTu5mmuPktZplhYFrAPQPktMBKvNMdwFrwJ7Fqa3tyTIuA==",
        "dependencies": {
          "Microsoft.Build.Tasks.Git": "1.1.0",
          "Microsoft.SourceLink.Common": "1.1.0"
        }
      },
      "Microsoft.SourceLink.GitLab": {
        "type": "Transitive",
        "resolved": "1.1.0",
        "contentHash": "3hGWOYCm1mtQubQMacpf7ERr5J5GzA7K2nacZe5oFOFkPKWpBbrqsBZfRlNoyWYR5FHEWisFrmkgLACAlX3K8w==",
        "dependencies": {
          "Microsoft.Build.Tasks.Git": "1.1.0",
          "Microsoft.SourceLink.Common": "1.1.0"
        }
      },
      "Serilog": {
        "type": "Transitive",
        "resolved": "2.5.0",
        "contentHash": "JwwkgNYNFKT4kQZ3qBV3VqPgchUg1A6FnlFa9hgyanylwBhJ7eTFl3pgLVxijFEb+oHLImRcMaTsMzBt2AG0aQ==",
        "dependencies": {
          "Microsoft.CSharp": "4.0.1",
          "System.Collections": "4.0.11",
          "System.Collections.NonGeneric": "4.0.1",
          "System.Dynamic.Runtime": "4.0.11",
          "System.Globalization": "4.0.11",
          "System.Linq": "4.1.0",
          "System.Reflection": "4.1.0",
          "System.Reflection.Extensions": "4.0.1",
          "System.Runtime": "4.1.0",
          "System.Runtime.Extensions": "4.1.0",
          "System.Text.RegularExpressions": "4.1.0",
          "System.Threading": "4.0.11"
        }
      },
      "Serilog.Extensions.Logging": {
        "type": "Transitive",
        "resolved": "2.0.2",
        "contentHash": "PYAkzUn/VV16Es7U06BfEhNZEltnYWu0WFCM4d2lLY/dvlA7xMwFXBuGRxR0XvEBPoOxPorjhFLy9txwiMO6rg==",
        "dependencies": {
          "Microsoft.Extensions.Logging": "2.0.0",
          "Serilog": "2.3.0"
        }
      },
      "Serilog.Extensions.Logging.File": {
        "type": "Transitive",
        "resolved": "2.0.0",
        "contentHash": "usO0qr4v9VCMBWiTJ1nQmAbPNCt40FrkDol6CpfCXbsxGZS/hH+YCueF7vvPQ32ATI0GWcMWiKRdjXEE7/HxTQ==",
        "dependencies": {
          "Microsoft.Extensions.Configuration.Abstractions": "2.0.0",
          "Microsoft.Extensions.Configuration.Binder": "2.0.0",
          "Serilog": "2.5.0",
          "Serilog.Extensions.Logging": "2.0.2",
          "Serilog.Formatting.Compact": "1.0.0",
          "Serilog.Sinks.Async": "1.1.0",
          "Serilog.Sinks.RollingFile": "3.3.0"
        }
      },
      "Serilog.Formatting.Compact": {
        "type": "Transitive",
        "resolved": "1.0.0",
        "contentHash": "r3QYz02y7+B7Ng30hyJM929OJhem7SsJ4XDUE0Zfptj2MRiQfpPUb5f58juAFjp/TnNeSX2QNzZEnHwLeoJfHQ==",
        "dependencies": {
          "Serilog": "2.0.0"
        }
      },
      "Serilog.Sinks.Async": {
        "type": "Transitive",
        "resolved": "1.1.0",
        "contentHash": "xll0Kanz2BkCxuv+F3p1WXr47jdsVM0GU1n1LZvK+18QiRZ/WGFNxSNw9EMKFV5ED5gr7MUpAe6PCMNL1HGUMA==",
        "dependencies": {
          "Serilog": "2.1.0",
          "System.Collections.Concurrent": "4.0.12"
        }
      },
      "Serilog.Sinks.File": {
        "type": "Transitive",
        "resolved": "3.2.0",
        "contentHash": "VHbo68pMg5hwSWrzLEdZv5b/rYmIgHIRhd4d5rl8GnC5/a8Fr+RShT5kWyeJOXax1el6mNJ+dmHDOVgnNUQxaw==",
        "dependencies": {
          "Serilog": "2.3.0",
          "System.IO": "4.1.0",
          "System.IO.FileSystem": "4.0.1",
          "System.IO.FileSystem.Primitives": "4.0.1",
          "System.Text.Encoding.Extensions": "4.0.11",
          "System.Threading": "4.0.11",
          "System.Threading.Timer": "4.0.1"
        }
      },
      "Serilog.Sinks.RollingFile": {
        "type": "Transitive",
        "resolved": "3.3.0",
        "contentHash": "2lT5X1r3GH4P0bRWJfhA7etGl8Q2Ipw9AACvtAHWRUSpYZ42NGVyHoVs2ALBZ/cAkkS+tA4jl80Zie144eLQPg==",
        "dependencies": {
          "Serilog.Sinks.File": "3.2.0",
          "System.IO": "4.1.0",
          "System.IO.FileSystem.Primitives": "4.0.1",
          "System.Runtime.InteropServices": "4.1.0",
          "System.Text.Encoding.Extensions": "4.0.11"
        }
      },
      "System.Collections": {
        "type": "Transitive",
        "resolved": "4.0.11",
        "contentHash": "YUJGz6eFKqS0V//mLt25vFGrrCvOnsXjlvFQs+KimpwNxug9x0Pzy4PlFMU3Q2IzqAa9G2L4LsK3+9vCBK7oTg==",
        "dependencies": {
          "Microsoft.NETCore.Platforms": "1.0.1",
          "Microsoft.NETCore.Targets": "1.0.1",
          "System.Runtime": "4.1.0"
        }
      },
      "System.Collections.Concurrent": {
        "type": "Transitive",
        "resolved": "4.0.12",
        "contentHash": "2gBcbb3drMLgxlI0fBfxMA31ec6AEyYCHygGse4vxceJan8mRIWeKJ24BFzN7+bi/NFTgdIgufzb94LWO5EERQ==",
        "dependencies": {
          "System.Collections": "4.0.11",
          "System.Diagnostics.Debug": "4.0.11",
          "System.Diagnostics.Tracing": "4.1.0",
          "System.Globalization": "4.0.11",
          "System.Reflection": "4.1.0",
          "System.Resources.ResourceManager": "4.0.1",
          "System.Runtime": "4.1.0",
          "System.Runtime.Extensions": "4.1.0",
          "System.Threading": "4.0.11",
          "System.Threading.Tasks": "4.0.11"
        }
      },
      "System.Collections.NonGeneric": {
        "type": "Transitive",
        "resolved": "4.0.1",
        "contentHash": "hMxFT2RhhlffyCdKLDXjx8WEC5JfCvNozAZxCablAuFRH74SCV4AgzE8yJCh/73bFnEoZgJ9MJmkjQ0dJmnKqA==",
        "dependencies": {
          "System.Diagnostics.Debug": "4.0.11",
          "System.Globalization": "4.0.11",
          "System.Resources.ResourceManager": "4.0.1",
          "System.Runtime": "4.1.0",
          "System.Runtime.Extensions": "4.1.0",
          "System.Threading": "4.0.11"
        }
      },
      "System.Diagnostics.Debug": {
        "type": "Transitive",
        "resolved": "4.0.11",
        "contentHash": "w5U95fVKHY4G8ASs/K5iK3J5LY+/dLFd4vKejsnI/ZhBsWS9hQakfx3Zr7lRWKg4tAw9r4iktyvsTagWkqYCiw==",
        "dependencies": {
          "Microsoft.NETCore.Platforms": "1.0.1",
          "Microsoft.NETCore.Targets": "1.0.1",
          "System.Runtime": "4.1.0"
        }
      },
      "System.Diagnostics.DiagnosticSource": {
        "type": "Transitive",
        "resolved": "8.0.0",
        "contentHash": "c9xLpVz6PL9lp/djOWtk5KPDZq3cSYpmXoJQY524EOtuFl5z9ZtsotpsyrDW40U1DRnQSYvcPKEUV0X//u6gkQ=="
      },
      "System.Diagnostics.EventLog": {
        "type": "Transitive",
        "resolved": "8.0.0",
        "contentHash": "fdYxcRjQqTTacKId/2IECojlDSFvp7LP5N78+0z/xH7v/Tuw5ZAxu23Y6PTCRinqyu2ePx+Gn1098NC6jM6d+A=="
      },
      "System.Diagnostics.Tracing": {
        "type": "Transitive",
        "resolved": "4.1.0",
        "contentHash": "vDN1PoMZCkkdNjvZLql592oYJZgS7URcJzJ7bxeBgGtx5UtR5leNm49VmfHGqIffX4FKacHbI3H6UyNSHQknBg==",
        "dependencies": {
          "Microsoft.NETCore.Platforms": "1.0.1",
          "Microsoft.NETCore.Targets": "1.0.1",
          "System.Runtime": "4.1.0"
        }
      },
      "System.Dynamic.Runtime": {
        "type": "Transitive",
        "resolved": "4.0.11",
        "contentHash": "db34f6LHYM0U0JpE+sOmjar27BnqTVkbLJhgfwMpTdgTigG/Hna3m2MYVwnFzGGKnEJk2UXFuoVTr8WUbU91/A==",
        "dependencies": {
          "System.Collections": "4.0.11",
          "System.Diagnostics.Debug": "4.0.11",
          "System.Globalization": "4.0.11",
          "System.Linq": "4.1.0",
          "System.Linq.Expressions": "4.1.0",
          "System.ObjectModel": "4.0.12",
          "System.Reflection": "4.1.0",
          "System.Reflection.Emit": "4.0.1",
          "System.Reflection.Emit.ILGeneration": "4.0.1",
          "System.Reflection.Primitives": "4.0.1",
          "System.Reflection.TypeExtensions": "4.1.0",
          "System.Resources.ResourceManager": "4.0.1",
          "System.Runtime": "4.1.0",
          "System.Runtime.Extensions": "4.1.0",
          "System.Threading": "4.0.11"
        }
      },
      "System.Globalization": {
        "type": "Transitive",
        "resolved": "4.0.11",
        "contentHash": "B95h0YLEL2oSnwF/XjqSWKnwKOy/01VWkNlsCeMTFJLLabflpGV26nK164eRs5GiaRSBGpOxQ3pKoSnnyZN5pg==",
        "dependencies": {
          "Microsoft.NETCore.Platforms": "1.0.1",
          "Microsoft.NETCore.Targets": "1.0.1",
          "System.Runtime": "4.1.0"
        }
      },
      "System.IO": {
        "type": "Transitive",
        "resolved": "4.1.0",
        "contentHash": "3KlTJceQc3gnGIaHZ7UBZO26SHL1SHE4ddrmiwumFnId+CEHP+O8r386tZKaE6zlk5/mF8vifMBzHj9SaXN+mQ==",
        "dependencies": {
          "Microsoft.NETCore.Platforms": "1.0.1",
          "Microsoft.NETCore.Targets": "1.0.1",
          "System.Runtime": "4.1.0",
          "System.Text.Encoding": "4.0.11",
          "System.Threading.Tasks": "4.0.11"
        }
      },
      "System.IO.FileSystem": {
        "type": "Transitive",
        "resolved": "4.0.1",
        "contentHash": "IBErlVq5jOggAD69bg1t0pJcHaDbJbWNUZTPI96fkYWzwYbN6D9wRHMULLDd9dHsl7C2YsxXL31LMfPI1SWt8w==",
        "dependencies": {
          "Microsoft.NETCore.Platforms": "1.0.1",
          "Microsoft.NETCore.Targets": "1.0.1",
          "System.IO": "4.1.0",
          "System.IO.FileSystem.Primitives": "4.0.1",
          "System.Runtime": "4.1.0",
          "System.Runtime.Handles": "4.0.1",
          "System.Text.Encoding": "4.0.11",
          "System.Threading.Tasks": "4.0.11"
        }
      },
      "System.IO.FileSystem.Primitives": {
        "type": "Transitive",
        "resolved": "4.0.1",
        "contentHash": "kWkKD203JJKxJeE74p8aF8y4Qc9r9WQx4C0cHzHPrY3fv/L/IhWnyCHaFJ3H1QPOH6A93whlQ2vG5nHlBDvzWQ==",
        "dependencies": {
          "System.Runtime": "4.1.0"
        }
      },
      "System.Linq": {
        "type": "Transitive",
        "resolved": "4.1.0",
        "contentHash": "bQ0iYFOQI0nuTnt+NQADns6ucV4DUvMdwN6CbkB1yj8i7arTGiTN5eok1kQwdnnNWSDZfIUySQY+J3d5KjWn0g==",
        "dependencies": {
          "System.Collections": "4.0.11",
          "System.Diagnostics.Debug": "4.0.11",
          "System.Resources.ResourceManager": "4.0.1",
          "System.Runtime": "4.1.0",
          "System.Runtime.Extensions": "4.1.0"
        }
      },
      "System.Linq.Dynamic.Core": {
        "type": "Transitive",
        "resolved": "1.3.8",
        "contentHash": "qEBOJO6z4Ps8HE4EM3S0tvBnshgE6mpTd7sv2kAdHaMNkIRIZ+dttvaC9NnL5SFN8maHEvsW0h2xJ7X0Vp9b6Q=="
      },
      "System.Linq.Expressions": {
        "type": "Transitive",
        "resolved": "4.1.0",
        "contentHash": "I+y02iqkgmCAyfbqOmSDOgqdZQ5tTj80Akm5BPSS8EeB0VGWdy6X1KCoYe8Pk6pwDoAKZUOdLVxnTJcExiv5zw==",
        "dependencies": {
          "System.Collections": "4.0.11",
          "System.Diagnostics.Debug": "4.0.11",
          "System.Globalization": "4.0.11",
          "System.IO": "4.1.0",
          "System.Linq": "4.1.0",
          "System.ObjectModel": "4.0.12",
          "System.Reflection": "4.1.0",
          "System.Reflection.Emit": "4.0.1",
          "System.Reflection.Emit.ILGeneration": "4.0.1",
          "System.Reflection.Emit.Lightweight": "4.0.1",
          "System.Reflection.Extensions": "4.0.1",
          "System.Reflection.Primitives": "4.0.1",
          "System.Reflection.TypeExtensions": "4.1.0",
          "System.Resources.ResourceManager": "4.0.1",
          "System.Runtime": "4.1.0",
          "System.Runtime.Extensions": "4.1.0",
          "System.Threading": "4.0.11"
        }
      },
      "System.ObjectModel": {
        "type": "Transitive",
        "resolved": "4.0.12",
        "contentHash": "tAgJM1xt3ytyMoW4qn4wIqgJYm7L7TShRZG4+Q4Qsi2PCcj96pXN7nRywS9KkB3p/xDUjc2HSwP9SROyPYDYKQ==",
        "dependencies": {
          "System.Collections": "4.0.11",
          "System.Diagnostics.Debug": "4.0.11",
          "System.Resources.ResourceManager": "4.0.1",
          "System.Runtime": "4.1.0",
          "System.Threading": "4.0.11"
        }
      },
      "System.Reflection": {
        "type": "Transitive",
        "resolved": "4.1.0",
        "contentHash": "JCKANJ0TI7kzoQzuwB/OoJANy1Lg338B6+JVacPl4TpUwi3cReg3nMLplMq2uqYfHFQpKIlHAUVAJlImZz/4ng==",
        "dependencies": {
          "Microsoft.NETCore.Platforms": "1.0.1",
          "Microsoft.NETCore.Targets": "1.0.1",
          "System.IO": "4.1.0",
          "System.Reflection.Primitives": "4.0.1",
          "System.Runtime": "4.1.0"
        }
      },
      "System.Reflection.Emit": {
        "type": "Transitive",
        "resolved": "4.0.1",
        "contentHash": "P2wqAj72fFjpP6wb9nSfDqNBMab+2ovzSDzUZK7MVIm54tBJEPr9jWfSjjoTpPwj1LeKcmX3vr0ttyjSSFM47g==",
        "dependencies": {
          "System.IO": "4.1.0",
          "System.Reflection": "4.1.0",
          "System.Reflection.Emit.ILGeneration": "4.0.1",
          "System.Reflection.Primitives": "4.0.1",
          "System.Runtime": "4.1.0"
        }
      },
      "System.Reflection.Emit.ILGeneration": {
        "type": "Transitive",
        "resolved": "4.0.1",
        "contentHash": "Ov6dU8Bu15Bc7zuqttgHF12J5lwSWyTf1S+FJouUXVMSqImLZzYaQ+vRr1rQ0OZ0HqsrwWl4dsKHELckQkVpgA==",
        "dependencies": {
          "System.Reflection": "4.1.0",
          "System.Reflection.Primitives": "4.0.1",
          "System.Runtime": "4.1.0"
        }
      },
      "System.Reflection.Emit.Lightweight": {
        "type": "Transitive",
        "resolved": "4.0.1",
        "contentHash": "sSzHHXueZ5Uh0OLpUQprhr+ZYJrLPA2Cmr4gn0wj9+FftNKXx8RIMKvO9qnjk2ebPYUjZ+F2ulGdPOsvj+MEjA==",
        "dependencies": {
          "System.Reflection": "4.1.0",
          "System.Reflection.Emit.ILGeneration": "4.0.1",
          "System.Reflection.Primitives": "4.0.1",
          "System.Runtime": "4.1.0"
        }
      },
      "System.Reflection.Extensions": {
        "type": "Transitive",
        "resolved": "4.0.1",
        "contentHash": "GYrtRsZcMuHF3sbmRHfMYpvxZoIN2bQGrYGerUiWLEkqdEUQZhH3TRSaC/oI4wO0II1RKBPlpIa1TOMxIcOOzQ==",
        "dependencies": {
          "Microsoft.NETCore.Platforms": "1.0.1",
          "Microsoft.NETCore.Targets": "1.0.1",
          "System.Reflection": "4.1.0",
          "System.Runtime": "4.1.0"
        }
      },
      "System.Reflection.Primitives": {
        "type": "Transitive",
        "resolved": "4.0.1",
        "contentHash": "4inTox4wTBaDhB7V3mPvp9XlCbeGYWVEM9/fXALd52vNEAVisc1BoVWQPuUuD0Ga//dNbA/WeMy9u9mzLxGTHQ==",
        "dependencies": {
          "Microsoft.NETCore.Platforms": "1.0.1",
          "Microsoft.NETCore.Targets": "1.0.1",
          "System.Runtime": "4.1.0"
        }
      },
      "System.Reflection.TypeExtensions": {
        "type": "Transitive",
        "resolved": "4.1.0",
        "contentHash": "tsQ/ptQ3H5FYfON8lL4MxRk/8kFyE0A+tGPXmVP967cT/gzLHYxIejIYSxp4JmIeFHVP78g/F2FE1mUUTbDtrg==",
        "dependencies": {
          "System.Reflection": "4.1.0",
          "System.Runtime": "4.1.0"
        }
      },
      "System.Resources.ResourceManager": {
        "type": "Transitive",
        "resolved": "4.0.1",
        "contentHash": "TxwVeUNoTgUOdQ09gfTjvW411MF+w9MBYL7AtNVc+HtBCFlutPLhUCdZjNkjbhj3bNQWMdHboF0KIWEOjJssbA==",
        "dependencies": {
          "Microsoft.NETCore.Platforms": "1.0.1",
          "Microsoft.NETCore.Targets": "1.0.1",
          "System.Globalization": "4.0.11",
          "System.Reflection": "4.1.0",
          "System.Runtime": "4.1.0"
        }
      },
      "System.Runtime": {
        "type": "Transitive",
        "resolved": "4.1.0",
        "contentHash": "v6c/4Yaa9uWsq+JMhnOFewrYkgdNHNG2eMKuNqRn8P733rNXeRCGvV5FkkjBXn2dbVkPXOsO0xjsEeM1q2zC0g==",
        "dependencies": {
          "Microsoft.NETCore.Platforms": "1.0.1",
          "Microsoft.NETCore.Targets": "1.0.1"
        }
      },
      "System.Runtime.Extensions": {
        "type": "Transitive",
        "resolved": "4.1.0",
        "contentHash": "CUOHjTT/vgP0qGW22U4/hDlOqXmcPq5YicBaXdUR2UiUoLwBT+olO6we4DVbq57jeX5uXH2uerVZhf0qGj+sVQ==",
        "dependencies": {
          "Microsoft.NETCore.Platforms": "1.0.1",
          "Microsoft.NETCore.Targets": "1.0.1",
          "System.Runtime": "4.1.0"
        }
      },
      "System.Runtime.Handles": {
        "type": "Transitive",
        "resolved": "4.0.1",
        "contentHash": "nCJvEKguXEvk2ymk1gqj625vVnlK3/xdGzx0vOKicQkoquaTBJTP13AIYkocSUwHCLNBwUbXTqTWGDxBTWpt7g==",
        "dependencies": {
          "Microsoft.NETCore.Platforms": "1.0.1",
          "Microsoft.NETCore.Targets": "1.0.1",
          "System.Runtime": "4.1.0"
        }
      },
      "System.Runtime.InteropServices": {
        "type": "Transitive",
        "resolved": "4.1.0",
        "contentHash": "16eu3kjHS633yYdkjwShDHZLRNMKVi/s0bY8ODiqJ2RfMhDMAwxZaUaWVnZ2P71kr/or+X9o/xFWtNqz8ivieQ==",
        "dependencies": {
          "Microsoft.NETCore.Platforms": "1.0.1",
          "Microsoft.NETCore.Targets": "1.0.1",
          "System.Reflection": "4.1.0",
          "System.Reflection.Primitives": "4.0.1",
          "System.Runtime": "4.1.0",
          "System.Runtime.Handles": "4.0.1"
        }
      },
      "System.Text.Encoding": {
        "type": "Transitive",
        "resolved": "4.0.11",
        "contentHash": "U3gGeMlDZXxCEiY4DwVLSacg+DFWCvoiX+JThA/rvw37Sqrku7sEFeVBBBMBnfB6FeZHsyDx85HlKL19x0HtZA==",
        "dependencies": {
          "Microsoft.NETCore.Platforms": "1.0.1",
          "Microsoft.NETCore.Targets": "1.0.1",
          "System.Runtime": "4.1.0"
        }
      },
      "System.Text.Encoding.Extensions": {
        "type": "Transitive",
        "resolved": "4.0.11",
        "contentHash": "jtbiTDtvfLYgXn8PTfWI+SiBs51rrmO4AAckx4KR6vFK9Wzf6tI8kcRdsYQNwriUeQ1+CtQbM1W4cMbLXnj/OQ==",
        "dependencies": {
          "Microsoft.NETCore.Platforms": "1.0.1",
          "Microsoft.NETCore.Targets": "1.0.1",
          "System.Runtime": "4.1.0",
          "System.Text.Encoding": "4.0.11"
        }
      },
      "System.Text.Encodings.Web": {
        "type": "Transitive",
        "resolved": "8.0.0",
        "contentHash": "yev/k9GHAEGx2Rg3/tU6MQh4HGBXJs70y7j1LaM1i/ER9po+6nnQ6RRqTJn1E7Xu0fbIFK80Nh5EoODxrbxwBQ=="
      },
      "System.Text.Json": {
        "type": "Transitive",
        "resolved": "8.0.0",
        "contentHash": "OdrZO2WjkiEG6ajEFRABTRCi/wuXQPxeV6g8xvUJqdxMvvuCCEk86zPla8UiIQJz3durtUEbNyY/3lIhS0yZvQ==",
        "dependencies": {
          "System.Text.Encodings.Web": "8.0.0"
        }
      },
      "System.Text.RegularExpressions": {
        "type": "Transitive",
        "resolved": "4.1.0",
        "contentHash": "i88YCXpRTjCnoSQZtdlHkAOx4KNNik4hMy83n0+Ftlb7jvV6ZiZWMpnEZHhjBp6hQVh8gWd/iKNPzlPF7iyA2g==",
        "dependencies": {
          "System.Collections": "4.0.11",
          "System.Globalization": "4.0.11",
          "System.Resources.ResourceManager": "4.0.1",
          "System.Runtime": "4.1.0",
          "System.Runtime.Extensions": "4.1.0",
          "System.Threading": "4.0.11"
        }
      },
      "System.Threading": {
        "type": "Transitive",
        "resolved": "4.0.11",
        "contentHash": "N+3xqIcg3VDKyjwwCGaZ9HawG9aC6cSDI+s7ROma310GQo8vilFZa86hqKppwTHleR/G0sfOzhvgnUxWCR/DrQ==",
        "dependencies": {
          "System.Runtime": "4.1.0",
          "System.Threading.Tasks": "4.0.11"
        }
      },
      "System.Threading.Tasks": {
        "type": "Transitive",
        "resolved": "4.0.11",
        "contentHash": "k1S4Gc6IGwtHGT8188RSeGaX86Qw/wnrgNLshJvsdNUOPP9etMmo8S07c+UlOAx4K/xLuN9ivA1bD0LVurtIxQ==",
        "dependencies": {
          "Microsoft.NETCore.Platforms": "1.0.1",
          "Microsoft.NETCore.Targets": "1.0.1",
          "System.Runtime": "4.1.0"
        }
      },
      "System.Threading.Timer": {
        "type": "Transitive",
        "resolved": "4.0.1",
        "contentHash": "saGfUV8uqVW6LeURiqxcGhZ24PzuRNaUBtbhVeuUAvky1naH395A/1nY0P2bWvrw/BreRtIB/EzTDkGBpqCwEw==",
        "dependencies": {
          "Microsoft.NETCore.Platforms": "1.0.1",
          "Microsoft.NETCore.Targets": "1.0.1",
          "System.Runtime": "4.1.0"
        }
      }
    }
  }
}